Microsoft Visual Studio Solution File, Format Version 12.00
# Visual Studio Version 17
VisualStudioVersion = 17.5.2.0
MinimumVisualStudioVersion = 10.0.40219.1
Project("{FAE04EC0-301F-11D3-BF4B-00C04F79EFBC}") = "MiAgendaUTN", "MiAgendaUTN.csproj", "{2C580658-87A7-36E9-42B3-A4C58481A778}"
EndProject
Global
	GlobalSection(SolutionConfigurationPlatforms) = preSolution
		Debug|Any CPU = Debug|Any CPU
		Release|Any CPU = Release|Any CPU
	EndGlobalSection
	GlobalSection(ProjectConfigurationPlatforms) = postSolution
		{2C580658-87A7-36E9-42B3-A4C58481A778}.Debug|Any CPU.ActiveCfg = Debug|Any CPU
		{2C580658-87A7-36E9-42B3-A4C58481A778}.Debug|Any CPU.Build.0 = Debug|Any CPU
		{2C580658-87A7-36E9-42B3-A4C58481A778}.Release|Any CPU.ActiveCfg = Release|Any CPU
		{2C580658-87A7-36E9-42B3-A4C58481A778}.Release|Any CPU.Build.0 = Release|Any CPU
	EndGlobalSection
	GlobalSection(SolutionProperties) = preSolution
		HideSolutionNode = FALSE
	EndGlobalSection
	GlobalSection(ExtensibilityGlobals) = postSolution
		SolutionGuid = {AE6C7B88-FEC5-409A-8FD1-694AC912149D}
	EndGlobalSection
EndGlobal
